// !$*UTF8*$!
{
	archiveVersion = 1;
	classes = {
	};
	objectVersion = 46;
	objects = {

/* Begin PBXBuildFile section */
		9659BCB41D2C9FA6001A7D3B /* AppDelegate.swift in Sources */ = {isa = PBXBuildFile; fileRef = 9659BCB31D2C9FA6001A7D3B /* AppDelegate.swift */; };
		9659BCB61D2CA058001A7D3B /* ProductsViewController.swift in Sources */ = {isa = PBXBuildFile; fileRef = 9659BCB51D2CA058001A7D3B /* ProductsViewController.swift */; };
		9659BCB81D2CA1C7001A7D3B /* ProductTableViewCell.swift in Sources */ = {isa = PBXBuildFile; fileRef = 9659BCB71D2CA1C7001A7D3B /* ProductTableViewCell.swift */; };
		9659BCBA1D2CA4AC001A7D3B /* SessionManager.swift in Sources */ = {isa = PBXBuildFile; fileRef = 9659BCB91D2CA4AC001A7D3B /* SessionManager.swift */; };
		B54146C81B4F3E9F00C66EA1 /* Images.xcassets in Resources */ = {isa = PBXBuildFile; fileRef = B54146C71B4F3E9F00C66EA1 /* Images.xcassets */; };
		B54146CB1B4F3E9F00C66EA1 /* LaunchScreen.xib in Resources */ = {isa = PBXBuildFile; fileRef = B54146C91B4F3E9F00C66EA1 /* LaunchScreen.xib */; };
		B54146D71B4F3E9F00C66EA1 /* TestItNowTests.m in Sources */ = {isa = PBXBuildFile; fileRef = B54146D61B4F3E9F00C66EA1 /* TestItNowTests.m */; };
		B54146E51B4F46A200C66EA1 /* TINProducts.m in Sources */ = {isa = PBXBuildFile; fileRef = B54146E41B4F46A200C66EA1 /* TINProducts.m */; };
		B55AB2531B50235700AE75D4 /* products.json in Resources */ = {isa = PBXBuildFile; fileRef = B55AB2521B50235700AE75D4 /* products.json */; };
		B55AB2561B503DEA00AE75D4 /* UIImage+TIN.m in Sources */ = {isa = PBXBuildFile; fileRef = B55AB2551B503DEA00AE75D4 /* UIImage+TIN.m */; };
/* End PBXBuildFile section */

/* Begin PBXContainerItemProxy section */
		B54146D11B4F3E9F00C66EA1 /* PBXContainerItemProxy */ = {
			isa = PBXContainerItemProxy;
			containerPortal = B54146AF1B4F3E9F00C66EA1 /* Project object */;
			proxyType = 1;
			remoteGlobalIDString = B54146B61B4F3E9F00C66EA1;
			remoteInfo = TestItNow;
		};
/* End PBXContainerItemProxy section */

/* Begin PBXFileReference section */
		9659BCB21D2C9FA6001A7D3B /* TestItNow-Bridging-Header.h */ = {isa = PBXFileReference; lastKnownFileType = sourcecode.c.h; path = "TestItNow-Bridging-Header.h"; sourceTree = "<group>"; };
		9659BCB31D2C9FA6001A7D3B /* AppDelegate.swift */ = {isa = PBXFileReference; fileEncoding = 4; lastKnownFileType = sourcecode.swift; path = AppDelegate.swift; sourceTree = "<group>"; };
		9659BCB51D2CA058001A7D3B /* ProductsViewController.swift */ = {isa = PBXFileReference; fileEncoding = 4; lastKnownFileType = sourcecode.swift; path = ProductsViewController.swift; sourceTree = "<group>"; };
		9659BCB71D2CA1C7001A7D3B /* ProductTableViewCell.swift */ = {isa = PBXFileReference; fileEncoding = 4; lastKnownFileType = sourcecode.swift; path = ProductTableViewCell.swift; sourceTree = "<group>"; };
		9659BCB91D2CA4AC001A7D3B /* SessionManager.swift */ = {isa = PBXFileReference; fileEncoding = 4; lastKnownFileType = sourcecode.swift; path = SessionManager.swift; sourceTree = "<group>"; };
		B54146B71B4F3E9F00C66EA1 /* TestItNow.app */ = {isa = PBXFileReference; explicitFileType = wrapper.application; includeInIndex = 0; path = TestItNow.app; sourceTree = BUILT_PRODUCTS_DIR; };
		B54146BB1B4F3E9F00C66EA1 /* Info.plist */ = {isa = PBXFileReference; lastKnownFileType = text.plist.xml; path = Info.plist; sourceTree = "<group>"; };
		B54146C71B4F3E9F00C66EA1 /* Images.xcassets */ = {isa = PBXFileReference; lastKnownFileType = folder.assetcatalog; path = Images.xcassets; sourceTree = "<group>"; };
		B54146CA1B4F3E9F00C66EA1 /* Base */ = {isa = PBXFileReference; lastKnownFileType = file.xib; name = Base; path = Base.lproj/LaunchScreen.xib; sourceTree = "<group>"; };
		B54146D01B4F3E9F00C66EA1 /* TestItNowTests.xctest */ = {isa = PBXFileReference; explicitFileType = wrapper.cfbundle; includeInIndex = 0; path = TestItNowTests.xctest; sourceTree = BUILT_PRODUCTS_DIR; };
		B54146D51B4F3E9F00C66EA1 /* Info.plist */ = {isa = PBXFileReference; lastKnownFileType = text.plist.xml; path = Info.plist; sourceTree = "<group>"; };
		B54146D61B4F3E9F00C66EA1 /* TestItNowTests.m */ = {isa = PBXFileReference; lastKnownFileType = sourcecode.c.objc; path = TestItNowTests.m; sourceTree = "<group>"; };
		B54146E31B4F46A200C66EA1 /* TINProducts.h */ = {isa = PBXFileReference; fileEncoding = 4; lastKnownFileType = sourcecode.c.h; path = TINProducts.h; sourceTree = "<group>"; };
		B54146E41B4F46A200C66EA1 /* TINProducts.m */ = {isa = PBXFileReference; fileEncoding = 4; lastKnownFileType = sourcecode.c.objc; path = TINProducts.m; sourceTree = "<group>"; };
		B55AB24E1B501A9300AE75D4 /* TestItNow-Prefix.pch */ = {isa = PBXFileReference; lastKnownFileType = sourcecode.c.h; path = "TestItNow-Prefix.pch"; sourceTree = "<group>"; };
		B55AB2521B50235700AE75D4 /* products.json */ = {isa = PBXFileReference; fileEncoding = 4; lastKnownFileType = text.json; path = products.json; sourceTree = "<group>"; };
		B55AB2541B503DEA00AE75D4 /* UIImage+TIN.h */ = {isa = PBXFileReference; fileEncoding = 4; lastKnownFileType = sourcecode.c.h; path = "UIImage+TIN.h"; sourceTree = "<group>"; };
		B55AB2551B503DEA00AE75D4 /* UIImage+TIN.m */ = {isa = PBXFileReference; fileEncoding = 4; lastKnownFileType = sourcecode.c.objc; path = "UIImage+TIN.m"; sourceTree = "<group>"; };
/* End PBXFileReference section */

/* Begin PBXFrameworksBuildPhase section */
		B54146B41B4F3E9F00C66EA1 /* Frameworks */ = {
			isa = PBXFrameworksBuildPhase;
			buildActionMask = 2147483647;
			files = (
			);
			runOnlyForDeploymentPostprocessing = 0;
		};
		B54146CD1B4F3E9F00C66EA1 /* Frameworks */ = {
			isa = PBXFrameworksBuildPhase;
			buildActionMask = 2147483647;
			files = (
			);
			runOnlyForDeploymentPostprocessing = 0;
		};
/* End PBXFrameworksBuildPhase section */

/* Begin PBXGroup section */
		97D4EF02CC54C774EA9F4B31 /* Frameworks */ = {
			isa = PBXGroup;
			children = (
			);
			name = Frameworks;
			sourceTree = "<group>";
		};
		B54146AE1B4F3E9F00C66EA1 = {
			isa = PBXGroup;
			children = (
				B54146B91B4F3E9F00C66EA1 /* TestItNow */,
				B54146D31B4F3E9F00C66EA1 /* TestItNowTests */,
				B54146B81B4F3E9F00C66EA1 /* Products */,
				97D4EF02CC54C774EA9F4B31 /* Frameworks */,
			);
			sourceTree = "<group>";
		};
		B54146B81B4F3E9F00C66EA1 /* Products */ = {
			isa = PBXGroup;
			children = (
				B54146B71B4F3E9F00C66EA1 /* TestItNow.app */,
				B54146D01B4F3E9F00C66EA1 /* TestItNowTests.xctest */,
			);
			name = Products;
			sourceTree = "<group>";
		};
		B54146B91B4F3E9F00C66EA1 /* TestItNow */ = {
			isa = PBXGroup;
			children = (
				9659BCB31D2C9FA6001A7D3B /* AppDelegate.swift */,
				9659BCB51D2CA058001A7D3B /* ProductsViewController.swift */,
				9659BCB71D2CA1C7001A7D3B /* ProductTableViewCell.swift */,
				9659BCB91D2CA4AC001A7D3B /* SessionManager.swift */,
				B54146C71B4F3E9F00C66EA1 /* Images.xcassets */,
				B54146C91B4F3E9F00C66EA1 /* LaunchScreen.xib */,
				B54146BA1B4F3E9F00C66EA1 /* Supporting Files */,
				B54146E31B4F46A200C66EA1 /* TINProducts.h */,
				B54146E41B4F46A200C66EA1 /* TINProducts.m */,
				B55AB2521B50235700AE75D4 /* products.json */,
				B55AB2541B503DEA00AE75D4 /* UIImage+TIN.h */,
				B55AB2551B503DEA00AE75D4 /* UIImage+TIN.m */,
				9659BCB21D2C9FA6001A7D3B /* TestItNow-Bridging-Header.h */,
			);
			path = TestItNow;
			sourceTree = "<group>";
		};
		B54146BA1B4F3E9F00C66EA1 /* Supporting Files */ = {
			isa = PBXGroup;
			children = (
				B54146BB1B4F3E9F00C66EA1 /* Info.plist */,
				B55AB24E1B501A9300AE75D4 /* TestItNow-Prefix.pch */,
			);
			name = "Supporting Files";
			sourceTree = "<group>";
		};
		B54146D31B4F3E9F00C66EA1 /* TestItNowTests */ = {
			isa = PBXGroup;
			children = (
				B54146D61B4F3E9F00C66EA1 /* TestItNowTests.m */,
				B54146D41B4F3E9F00C66EA1 /* Supporting Files */,
			);
			path = TestItNowTests;
			sourceTree = "<group>";
		};
		B54146D41B4F3E9F00C66EA1 /* Supporting Files */ = {
			isa = PBXGroup;
			children = (
				B54146D51B4F3E9F00C66EA1 /* Info.plist */,
			);
			name = "Supporting Files";
			sourceTree = "<group>";
		};
/* End PBXGroup section */

/* Begin PBXNativeTarget section */
		B54146B61B4F3E9F00C66EA1 /* TestItNow */ = {
			isa = PBXNativeTarget;
			buildConfigurationList = B54146DA1B4F3E9F00C66EA1 /* Build configuration list for PBXNativeTarget "TestItNow" */;
			buildPhases = (
				B54146B31B4F3E9F00C66EA1 /* Sources */,
				B54146B41B4F3E9F00C66EA1 /* Frameworks */,
				B54146B51B4F3E9F00C66EA1 /* Resources */,
			);
			buildRules = (
			);
			dependencies = (
			);
			name = TestItNow;
			productName = TestItNow;
			productReference = B54146B71B4F3E9F00C66EA1 /* TestItNow.app */;
			productType = "com.apple.product-type.application";
		};
		B54146CF1B4F3E9F00C66EA1 /* TestItNowTests */ = {
			isa = PBXNativeTarget;
			buildConfigurationList = B54146DD1B4F3E9F00C66EA1 /* Build configuration list for PBXNativeTarget "TestItNowTests" */;
			buildPhases = (
				B54146CC1B4F3E9F00C66EA1 /* Sources */,
				B54146CD1B4F3E9F00C66EA1 /* Frameworks */,
				B54146CE1B4F3E9F00C66EA1 /* Resources */,
			);
			buildRules = (
			);
			dependencies = (
				B54146D21B4F3E9F00C66EA1 /* PBXTargetDependency */,
			);
			name = TestItNowTests;
			productName = TestItNowTests;
			productReference = B54146D01B4F3E9F00C66EA1 /* TestItNowTests.xctest */;
			productType = "com.apple.product-type.bundle.unit-test";
		};
/* End PBXNativeTarget section */

/* Begin PBXProject section */
		B54146AF1B4F3E9F00C66EA1 /* Project object */ = {
			isa = PBXProject;
			attributes = {
				LastSwiftUpdateCheck = 0730;
				LastUpgradeCheck = 0640;
				ORGANIZATIONNAME = Postmates;
				TargetAttributes = {
					B54146B61B4F3E9F00C66EA1 = {
						CreatedOnToolsVersion = 6.4;
					};
					B54146CF1B4F3E9F00C66EA1 = {
						CreatedOnToolsVersion = 6.4;
						TestTargetID = B54146B61B4F3E9F00C66EA1;
					};
				};
			};
			buildConfigurationList = B54146B21B4F3E9F00C66EA1 /* Build configuration list for PBXProject "TestItNow" */;
			compatibilityVersion = "Xcode 3.2";
			developmentRegion = English;
			hasScannedForEncodings = 0;
			knownRegions = (
				en,
				Base,
			);
			mainGroup = B54146AE1B4F3E9F00C66EA1;
			productRefGroup = B54146B81B4F3E9F00C66EA1 /* Products */;
			projectDirPath = "";
			projectRoot = "";
			targets = (
				B54146B61B4F3E9F00C66EA1 /* TestItNow */,
				B54146CF1B4F3E9F00C66EA1 /* TestItNowTests */,
			);
		};
/* End PBXProject section */

/* Begin PBXResourcesBuildPhase section */
		B54146B51B4F3E9F00C66EA1 /* Resources */ = {
			isa = PBXResourcesBuildPhase;
			buildActionMask = 2147483647;
			files = (
				B55AB2531B50235700AE75D4 /* products.json in Resources */,
				B54146CB1B4F3E9F00C66EA1 /* LaunchScreen.xib in Resources */,
				B54146C81B4F3E9F00C66EA1 /* Images.xcassets in Resources */,
			);
			runOnlyForDeploymentPostprocessing = 0;
		};
		B54146CE1B4F3E9F00C66EA1 /* Resources */ = {
			isa = PBXResourcesBuildPhase;
			buildActionMask = 2147483647;
			files = (
			);
			runOnlyForDeploymentPostprocessing = 0;
		};
/* End PBXResourcesBuildPhase section */

/* Begin PBXSourcesBuildPhase section */
		B54146B31B4F3E9F00C66EA1 /* Sources */ = {
			isa = PBXSourcesBuildPhase;
			buildActionMask = 2147483647;
			files = (
				B55AB2561B503DEA00AE75D4 /* UIImage+TIN.m in Sources */,
				9659BCBA1D2CA4AC001A7D3B /* SessionManager.swift in Sources */,
				9659BCB41D2C9FA6001A7D3B /* AppDelegate.swift in Sources */,
				9659BCB61D2CA058001A7D3B /* ProductsViewController.swift in Sources */,
				9659BCB81D2CA1C7001A7D3B /* ProductTableViewCell.swift in Sources */,
				B54146E51B4F46A200C66EA1 /* TINProducts.m in Sources */,
			);
			runOnlyForDeploymentPostprocessing = 0;
		};
		B54146CC1B4F3E9F00C66EA1 /* Sources */ = {
			isa = PBXSourcesBuildPhase;
			buildActionMask = 2147483647;
			files = (
				B54146D71B4F3E9F00C66EA1 /* TestItNowTests.m in Sources */,
			);
			runOnlyForDeploymentPostprocessing = 0;
		};
/* End PBXSourcesBuildPhase section */

/* Begin PBXTargetDependency section */
		B54146D21B4F3E9F00C66EA1 /* PBXTargetDependency */ = {
			isa = PBXTargetDependency;
			target = B54146B61B4F3E9F00C66EA1 /* TestItNow */;
			targetProxy = B54146D11B4F3E9F00C66EA1 /* PBXContainerItemProxy */;
		};
/* End PBXTargetDependency section */

/* Begin PBXVariantGroup section */
		B54146C91B4F3E9F00C66EA1 /* LaunchScreen.xib */ = {
			isa = PBXVariantGroup;
			children = (
				B54146CA1B4F3E9F00C66EA1 /* Base */,
			);
			name = LaunchScreen.xib;
			sourceTree = "<group>";
		};
/* End PBXVariantGroup section */

/* Begin XCBuildConfiguration section */
		B54146D81B4F3E9F00C66EA1 /* Debug */ = {
			isa = XCBuildConfiguration;
			buildSettings = {
				ALWAYS_SEARCH_USER_PATHS = NO;
				BUNDLE_DISPLAY_NAME = "TIN Dev";
				BUNDLE_IDENTIFIER = com.postmates.TestItNow.test.debug;
				CLANG_CXX_LANGUAGE_STANDARD = "gnu++0x";
				CLANG_CXX_LIBRARY = "libc++";
				CLANG_ENABLE_MODULES = YES;
				CLANG_ENABLE_OBJC_ARC = YES;
				CLANG_WARN_BOOL_CONVERSION = YES;
				CLANG_WARN_CONSTANT_CONVERSION = YES;
				CLANG_WARN_DIRECT_OBJC_ISA_USAGE = YES_ERROR;
				CLANG_WARN_EMPTY_BODY = YES;
				CLANG_WARN_ENUM_CONVERSION = YES;
				CLANG_WARN_INT_CONVERSION = YES;
				CLANG_WARN_OBJC_ROOT_CLASS = YES_ERROR;
				CLANG_WARN_UNREACHABLE_CODE = YES;
				CLANG_WARN__DUPLICATE_METHOD_MATCH = YES;
				CODE_SIGN_IDENTITY = "iPhone Developer";
				COPY_PHASE_STRIP = NO;
				DEBUG_INFORMATION_FORMAT = "dwarf-with-dsym";
				ENABLE_STRICT_OBJC_MSGSEND = YES;
				GCC_C_LANGUAGE_STANDARD = gnu99;
				GCC_DYNAMIC_NO_PIC = NO;
				GCC_NO_COMMON_BLOCKS = YES;
				GCC_OPTIMIZATION_LEVEL = 0;
				GCC_PREFIX_HEADER = "$(PROJECT_DIR)/TestItNow/TestItNow-Prefix.pch";
				GCC_PREPROCESSOR_DEFINITIONS = (
					"DEBUG=1",
					"$(inherited)",
				);
				GCC_SYMBOLS_PRIVATE_EXTERN = NO;
				GCC_WARN_64_TO_32_BIT_CONVERSION = YES;
				GCC_WARN_ABOUT_RETURN_TYPE = YES_ERROR;
				GCC_WARN_UNDECLARED_SELECTOR = YES;
				GCC_WARN_UNINITIALIZED_AUTOS = YES_AGGRESSIVE;
				GCC_WARN_UNUSED_FUNCTION = YES;
				GCC_WARN_UNUSED_VARIABLE = YES;
				IPHONEOS_DEPLOYMENT_TARGET = 8.4;
				MTL_ENABLE_DEBUG_INFO = YES;
				ONLY_ACTIVE_ARCH = YES;
				PROVISIONING_PROFILE = "6ca0e9eb-d5e4-4309-93a2-f663fed180ab";
				SDKROOT = iphoneos;
				TARGETED_DEVICE_FAMILY = "1,2";
			};
			name = Debug;
		};
		B54146D91B4F3E9F00C66EA1 /* Release */ = {
			isa = XCBuildConfiguration;
			buildSettings = {
				ALWAYS_SEARCH_USER_PATHS = NO;
				BUNDLE_DISPLAY_NAME = "TIN Dev";
				BUNDLE_IDENTIFIER = com.postmates.TestItNow.test;
				CLANG_CXX_LANGUAGE_STANDARD = "gnu++0x";
				CLANG_CXX_LIBRARY = "libc++";
				CLANG_ENABLE_MODULES = YES;
				CLANG_ENABLE_OBJC_ARC = YES;
				CLANG_WARN_BOOL_CONVERSION = YES;
				CLANG_WARN_CONSTANT_CONVERSION = YES;
				CLANG_WARN_DIRECT_OBJC_ISA_USAGE = YES_ERROR;
				CLANG_WARN_EMPTY_BODY = YES;
				CLANG_WARN_ENUM_CONVERSION = YES;
				CLANG_WARN_INT_CONVERSION = YES;
				CLANG_WARN_OBJC_ROOT_CLASS = YES_ERROR;
				CLANG_WARN_UNREACHABLE_CODE = YES;
				CLANG_WARN__DUPLICATE_METHOD_MATCH = YES;
				COPY_PHASE_STRIP = NO;
				DEBUG_INFORMATION_FORMAT = "dwarf-with-dsym";
				ENABLE_NS_ASSERTIONS = NO;
				ENABLE_STRICT_OBJC_MSGSEND = YES;
				GCC_C_LANGUAGE_STANDARD = gnu99;
				GCC_NO_COMMON_BLOCKS = YES;
				GCC_PREFIX_HEADER = "$(PROJECT_DIR)/TestItNow/TestItNow-Prefix.pch";
				GCC_WARN_64_TO_32_BIT_CONVERSION = YES;
				GCC_WARN_ABOUT_RETURN_TYPE = YES_ERROR;
				GCC_WARN_UNDECLARED_SELECTOR = YES;
				GCC_WARN_UNINITIALIZED_AUTOS = YES_AGGRESSIVE;
				GCC_WARN_UNUSED_FUNCTION = YES;
				GCC_WARN_UNUSED_VARIABLE = YES;
				IPHONEOS_DEPLOYMENT_TARGET = 8.4;
				MTL_ENABLE_DEBUG_INFO = NO;
				SDKROOT = iphoneos;
				TARGETED_DEVICE_FAMILY = "1,2";
				VALIDATE_PRODUCT = YES;
			};
			name = Release;
		};
		B54146DB1B4F3E9F00C66EA1 /* Debug */ = {
			isa = XCBuildConfiguration;
			buildSettings = {
				ASSETCATALOG_COMPILER_APPICON_NAME = AppIcon;
				CLANG_ENABLE_MODULES = YES;
				INFOPLIST_FILE = TestItNow/Info.plist;
				LD_RUNPATH_SEARCH_PATHS = "$(inherited) @executable_path/Frameworks";
				PRODUCT_NAME = "$(TARGET_NAME)";
				PROVISIONING_PROFILE = "";
				SWIFT_OBJC_BRIDGING_HEADER = "TestItNow/TestItNow-Bridging-Header.h";
				SWIFT_OPTIMIZATION_LEVEL = "-Onone";
			};
			name = Debug;
		};
		B54146DC1B4F3E9F00C66EA1 /* Release */ = {
			isa = XCBuildConfiguration;
			buildSettings = {
				ASSETCATALOG_COMPILER_APPICON_NAME = AppIcon;
				CLANG_ENABLE_MODULES = YES;
				CODE_SIGN_IDENTITY = "";
				INFOPLIST_FILE = TestItNow/Info.plist;
				LD_RUNPATH_SEARCH_PATHS = "$(inherited) @executable_path/Frameworks";
				PRODUCT_NAME = "$(TARGET_NAME)";
				SWIFT_OBJC_BRIDGING_HEADER = "TestItNow/TestItNow-Bridging-Header.h";
			};
			name = Release;
		};
		B54146DE1B4F3E9F00C66EA1 /* Debug */ = {
			isa = XCBuildConfiguration;
			buildSettings = {
				BUNDLE_LOADER = "$(TEST_HOST)";
				FRAMEWORK_SEARCH_PATHS = (
					"$(SDKROOT)/Developer/Library/Frameworks",
					"$(inherited)",
				);
				GCC_PREPROCESSOR_DEFINITIONS = (
					"DEBUG=1",
					"$(inherited)",
				);
				INFOPLIST_FILE = TestItNowTests/Info.plist;
				LD_RUNPATH_SEARCH_PATHS = "$(inherited) @executable_path/Frameworks @loader_path/Frameworks";
				PRODUCT_NAME = "$(TARGET_NAME)";
				TEST_HOST = "$(BUILT_PRODUCTS_DIR)/TestItNow.app/TestItNow";
			};
			name = Debug;
		};
		B54146DF1B4F3E9F00C66EA1 /* Release */ = {
			isa = XCBuildConfiguration;
			buildSettings = {
				BUNDLE_LOADER = "$(TEST_HOST)";
				FRAMEWORK_SEARCH_PATHS = (
					"$(SDKROOT)/Developer/Library/Frameworks",
					"$(inherited)",
				);
				INFOPLIST_FILE = TestItNowTests/Info.plist;
				LD_RUNPATH_SEARCH_PATHS = "$(inherited) @executable_path/Frameworks @loader_path/Frameworks";
				PRODUCT_NAME = "$(TARGET_NAME)";
				TEST_HOST = "$(BUILT_PRODUCTS_DIR)/TestItNow.app/TestItNow";
			};
			name = Release;
		};
/* End XCBuildConfiguration section */

/* Begin XCConfigurationList section */
		B54146B21B4F3E9F00C66EA1 /* Build configuration list for PBXProject "TestItNow" */ = {
			isa = XCConfigurationList;
			buildConfigurations = (
				B54146D81B4F3E9F00C66EA1 /* Debug */,
				B54146D91B4F3E9F00C66EA1 /* Release */,
			);
			defaultConfigurationIsVisible = 0;
			defaultConfigurationName = Release;
		};
		B54146DA1B4F3E9F00C66EA1 /* Build configuration list for PBXNativeTarget "TestItNow" */ = {
			isa = XCConfigurationList;
			buildConfigurations = (
				B54146DB1B4F3E9F00C66EA1 /* Debug */,
				B54146DC1B4F3E9F00C66EA1 /* Release */,
			);
			defaultConfigurationIsVisible = 0;
			defaultConfigurationName = Release;
		};
		B54146DD1B4F3E9F00C66EA1 /* Build configuration list for PBXNativeTarget "TestItNowTests" */ = {
			isa = XCConfigurationList;
			buildConfigurations = (
				B54146DE1B4F3E9F00C66EA1 /* Debug */,
				B54146DF1B4F3E9F00C66EA1 /* Release */,
			);
			defaultConfigurationIsVisible = 0;
			defaultConfigurationName = Release;
		};
/* End XCConfigurationList section */
	};
	rootObject = B54146AF1B4F3E9F00C66EA1 /* Project object */;
}
